// !$*UTF8*$!
{
	archiveVersion = 1;
	classes = {
	};
	objectVersion = 90;
	objects = {

/* Begin PBXContainerItemProxy section */
		16674FA62E9CF64900453BBE /* PBXContainerItemProxy */ = {
			isa = PBXContainerItemProxy;
			containerPortal = 16EE23E3200AF2C800980467 /* Project object */;
			proxyType = 1;
			remoteGlobalIDString = 16EE23EA200AF2C800980467;
			remoteInfo = cutter2;
		};
/* End PBXContainerItemProxy section */

/* Begin PBXFileReference section */
		16674FA22E9CF64900453BBE /* cutter2Tests.xctest */ = {isa = PBXFileReference; explicitFileType = wrapper.cfbundle; includeInIndex = 0; path = cutter2Tests.xctest; sourceTree = BUILT_PRODUCTS_DIR; };
		16B506752E9C949F0040C3A7 /* Keyboard Shortcut.pdf */ = {isa = PBXFileReference; lastKnownFileType = image.pdf; path = "Keyboard Shortcut.pdf"; sourceTree = "<group>"; };
		16B506762E9C949F0040C3A7 /* LICENSE.txt */ = {isa = PBXFileReference; lastKnownFileType = text; path = LICENSE.txt; sourceTree = "<group>"; };
		16B506772E9C949F0040C3A7 /* README.md */ = {isa = PBXFileReference; lastKnownFileType = net.daringfireball.markdown; path = README.md; sourceTree = "<group>"; };
		16EE23EB200AF2C800980467 /* cutter2.app */ = {isa = PBXFileReference; explicitFileType = wrapper.application; includeInIndex = 0; path = cutter2.app; sourceTree = BUILT_PRODUCTS_DIR; };
/* End PBXFileReference section */

/* Begin PBXFileSystemSynchronizedBuildFileExceptionSet section */
		16C997CF2E9C8F14008E0B7C /* Exceptions for "Resources" folder in "cutter2" target */ = {
			isa = PBXFileSystemSynchronizedBuildFileExceptionSet;
			membershipExceptions = (
				Info.plist,
			);
			target = 16EE23EA200AF2C800980467 /* cutter2 */;
		};
/* End PBXFileSystemSynchronizedBuildFileExceptionSet section */

/* Begin PBXFileSystemSynchronizedRootGroup section */
		16674FA32E9CF64900453BBE /* cutter2Tests */ = {
			isa = PBXFileSystemSynchronizedRootGroup;
			path = cutter2Tests;
			sourceTree = "<group>";
		};
		16C997962E9C8EB8008E0B7C /* Application */ = {
			isa = PBXFileSystemSynchronizedRootGroup;
			path = Application;
			sourceTree = "<group>";
		};
		16C9979A2E9C8EB8008E0B7C /* Document */ = {
			isa = PBXFileSystemSynchronizedRootGroup;
			path = Document;
			sourceTree = "<group>";
		};
		16C9979F2E9C8EB8008E0B7C /* Models */ = {
			isa = PBXFileSystemSynchronizedRootGroup;
			path = Models;
			sourceTree = "<group>";
		};
		16C997A52E9C8EB8008E0B7C /* Resources */ = {
			isa = PBXFileSystemSynchronizedRootGroup;
			exceptions = (
				16C997CF2E9C8F14008E0B7C /* Exceptions for "Resources" folder in "cutter2" target */,
			);
			path = Resources;
			sourceTree = "<group>";
		};
		16C997AA2E9C8EB8008E0B7C /* Utilities */ = {
			isa = PBXFileSystemSynchronizedRootGroup;
			path = Utilities;
			sourceTree = "<group>";
		};
		16C997B12E9C8EB8008E0B7C /* ViewControllers */ = {
			isa = PBXFileSystemSynchronizedRootGroup;
			path = ViewControllers;
			sourceTree = "<group>";
		};
		16C997B52E9C8EB8008E0B7C /* Views */ = {
			isa = PBXFileSystemSynchronizedRootGroup;
			path = Views;
			sourceTree = "<group>";
		};
/* End PBXFileSystemSynchronizedRootGroup section */

/* Begin PBXFrameworksBuildPhase section */
		16674F9F2E9CF64900453BBE /* Frameworks */ = {
			isa = PBXFrameworksBuildPhase;
			files = (
			);
		};
		16EE23E8200AF2C800980467 /* Frameworks */ = {
			isa = PBXFrameworksBuildPhase;
			files = (
			);
		};
/* End PBXFrameworksBuildPhase section */

/* Begin PBXGroup section */
		16EE23E2200AF2C800980467 = {
			isa = PBXGroup;
			children = (
				16EE23ED200AF2C800980467 /* cutter2 */,
				16B506752E9C949F0040C3A7 /* Keyboard Shortcut.pdf */,
				16B506762E9C949F0040C3A7 /* LICENSE.txt */,
				16B506772E9C949F0040C3A7 /* README.md */,
				16674FA32E9CF64900453BBE /* cutter2Tests */,
				16EE23EC200AF2C800980467 /* Products */,
			);
			sourceTree = "<group>";
		};
		16EE23EC200AF2C800980467 /* Products */ = {
			isa = PBXGroup;
			children = (
				16EE23EB200AF2C800980467 /* cutter2.app */,
				16674FA22E9CF64900453BBE /* cutter2Tests.xctest */,
			);
			name = Products;
			sourceTree = "<group>";
		};
		16EE23ED200AF2C800980467 /* cutter2 */ = {
			isa = PBXGroup;
			children = (
				16C997962E9C8EB8008E0B7C /* Application */,
				16C9979A2E9C8EB8008E0B7C /* Document */,
				16C9979F2E9C8EB8008E0B7C /* Models */,
				16C997A52E9C8EB8008E0B7C /* Resources */,
				16C997AA2E9C8EB8008E0B7C /* Utilities */,
				16C997B12E9C8EB8008E0B7C /* ViewControllers */,
				16C997B52E9C8EB8008E0B7C /* Views */,
			);
			path = cutter2;
			sourceTree = "<group>";
		};
/* End PBXGroup section */

/* Begin PBXNativeTarget section */
		16674FA12E9CF64900453BBE /* cutter2Tests */ = {
			isa = PBXNativeTarget;
			buildConfigurationList = 16674FAA2E9CF64900453BBE /* Build configuration list for PBXNativeTarget "cutter2Tests" */;
			buildPhases = (
				16674F9E2E9CF64900453BBE /* Sources */,
				16674F9F2E9CF64900453BBE /* Frameworks */,
				16674FA02E9CF64900453BBE /* Resources */,
			);
			buildRules = (
			);
			dependencies = (
				16674FA72E9CF64900453BBE /* PBXTargetDependency */,
			);
			fileSystemSynchronizedGroups = (
				16674FA32E9CF64900453BBE /* cutter2Tests */,
			);
			name = cutter2Tests;
			productName = cutter2Tests;
			productReference = 16674FA22E9CF64900453BBE /* cutter2Tests.xctest */;
			productType = "com.apple.product-type.bundle.unit-test";
		};
		16EE23EA200AF2C800980467 /* cutter2 */ = {
			isa = PBXNativeTarget;
			buildConfigurationList = 16EE23FD200AF2C800980467 /* Build configuration list for PBXNativeTarget "cutter2" */;
			buildPhases = (
				16EE23E7200AF2C800980467 /* Sources */,
				16EE23E8200AF2C800980467 /* Frameworks */,
				16EE23E9200AF2C800980467 /* Resources */,
			);
			buildRules = (
			);
			fileSystemSynchronizedGroups = (
				16C997962E9C8EB8008E0B7C /* Application */,
				16C9979A2E9C8EB8008E0B7C /* Document */,
				16C9979F2E9C8EB8008E0B7C /* Models */,
				16C997A52E9C8EB8008E0B7C /* Resources */,
				16C997AA2E9C8EB8008E0B7C /* Utilities */,
				16C997B12E9C8EB8008E0B7C /* ViewControllers */,
				16C997B52E9C8EB8008E0B7C /* Views */,
			);
			name = cutter2;
			productName = cutter2;
			productReference = 16EE23EB200AF2C800980467 /* cutter2.app */;
			productType = "com.apple.product-type.application";
		};
/* End PBXNativeTarget section */

/* Begin PBXProject section */
		16EE23E3200AF2C800980467 /* Project object */ = {
			isa = PBXProject;
			attributes = {
				BuildIndependentTargetsInParallel = YES;
				LastSwiftUpdateCheck = 2600;
				LastUpgradeCheck = 2660;
				ORGANIZATIONNAME = MyCometG3;
				TargetAttributes = {
					16674FA12E9CF64900453BBE = {
						CreatedOnToolsVersion = 26.0.1;
						TestTargetID = 16EE23EA200AF2C800980467;
					};
					16EE23EA200AF2C800980467 = {
						CreatedOnToolsVersion = 9.2;
						LastSwiftMigration = 1020;
						ProvisioningStyle = Automatic;
						SystemCapabilities = {
							com.apple.HardenedRuntime = {
								enabled = 1;
							};
							com.apple.Sandbox = {
								enabled = 0;
							};
						};
					};
				};
			};
			buildConfigurationList = 16EE23E6200AF2C800980467 /* Build configuration list for PBXProject "cutter2" */;
			developmentRegion = en;
			hasScannedForEncodings = 0;
			knownRegions = (
				en,
				Base,
				ja,
			);
			mainGroup = 16EE23E2200AF2C800980467;
			preferredProjectObjectVersion = 90;
			productRefGroup = 16EE23EC200AF2C800980467 /* Products */;
			projectDirPath = "";
			projectRoot = "";
			targets = (
				16EE23EA200AF2C800980467 /* cutter2 */,
				16674FA12E9CF64900453BBE /* cutter2Tests */,
			);
		};
/* End PBXProject section */

/* Begin PBXResourcesBuildPhase section */
		16674FA02E9CF64900453BBE /* Resources */ = {
			isa = PBXResourcesBuildPhase;
			files = (
			);
		};
		16EE23E9200AF2C800980467 /* Resources */ = {
			isa = PBXResourcesBuildPhase;
			files = (
			);
		};
/* End PBXResourcesBuildPhase section */

/* Begin PBXSourcesBuildPhase section */
		16674F9E2E9CF64900453BBE /* Sources */ = {
			isa = PBXSourcesBuildPhase;
			files = (
			);
		};
		16EE23E7200AF2C800980467 /* Sources */ = {
			isa = PBXSourcesBuildPhase;
			files = (
			);
		};
/* End PBXSourcesBuildPhase section */

/* Begin PBXTargetDependency section */
		16674FA72E9CF64900453BBE /* PBXTargetDependency */ = {
			isa = PBXTargetDependency;
			target = 16EE23EA200AF2C800980467 /* cutter2 */;
			targetProxy = 16674FA62E9CF64900453BBE /* PBXContainerItemProxy */;
		};
/* End PBXTargetDependency section */

/* Begin XCBuildConfiguration section */
		16674FA82E9CF64900453BBE /* Debug configuration for PBXNativeTarget "cutter2Tests" */ = {
			isa = XCBuildConfiguration;
			buildSettings = {
				ASSETCATALOG_COMPILER_GENERATE_SWIFT_ASSET_SYMBOL_EXTENSIONS = YES;
				BUNDLE_LOADER = "$(TEST_HOST)";
				CLANG_CXX_LANGUAGE_STANDARD = "gnu++20";
				CLANG_ENABLE_OBJC_WEAK = YES;
				"CODE_SIGN_IDENTITY[sdk=macosx*]" = "Apple Development";
				CODE_SIGN_STYLE = Automatic;
				CURRENT_PROJECT_VERSION = 1;
				DEVELOPMENT_TEAM = BV5C4YNA4Z;
				GCC_C_LANGUAGE_STANDARD = gnu17;
				GENERATE_INFOPLIST_FILE = YES;
				LOCALIZATION_PREFERS_STRING_CATALOGS = YES;
				MACOSX_DEPLOYMENT_TARGET = 14.0;
				MARKETING_VERSION = 1.0;
				MTL_ENABLE_DEBUG_INFO = INCLUDE_SOURCE;
				MTL_FAST_MATH = YES;
				PRODUCT_BUNDLE_IDENTIFIER = com.mycometg3.cutter2Tests;
				PRODUCT_NAME = "$(TARGET_NAME)";
				STRING_CATALOG_GENERATE_SYMBOLS = NO;
				SWIFT_ACTIVE_COMPILATION_CONDITIONS = "DEBUG $(inherited)";
				SWIFT_APPROACHABLE_CONCURRENCY = YES;
				SWIFT_EMIT_LOC_STRINGS = NO;
				SWIFT_UPCOMING_FEATURE_MEMBER_IMPORT_VISIBILITY = YES;
				SWIFT_VERSION = 6.0;
				TEST_HOST = "$(BUILT_PRODUCTS_DIR)/cutter2.app/$(BUNDLE_EXECUTABLE_FOLDER_PATH)/cutter2";
			};
			name = Debug;
		};
		16674FA92E9CF64900453BBE /* Release configuration for PBXNativeTarget "cutter2Tests" */ = {
			isa = XCBuildConfiguration;
			buildSettings = {
				ASSETCATALOG_COMPILER_GENERATE_SWIFT_ASSET_SYMBOL_EXTENSIONS = YES;
				BUNDLE_LOADER = "$(TEST_HOST)";
				CLANG_CXX_LANGUAGE_STANDARD = "gnu++20";
				CLANG_ENABLE_OBJC_WEAK = YES;
				"CODE_SIGN_IDENTITY[sdk=macosx*]" = "Apple Development";
				CODE_SIGN_STYLE = Automatic;
				CURRENT_PROJECT_VERSION = 1;
				DEVELOPMENT_TEAM = BV5C4YNA4Z;
				GCC_C_LANGUAGE_STANDARD = gnu17;
				GENERATE_INFOPLIST_FILE = YES;
				LOCALIZATION_PREFERS_STRING_CATALOGS = YES;
				MACOSX_DEPLOYMENT_TARGET = 14.0;
				MARKETING_VERSION = 1.0;
				MTL_FAST_MATH = YES;
				PRODUCT_BUNDLE_IDENTIFIER = com.mycometg3.cutter2Tests;
				PRODUCT_NAME = "$(TARGET_NAME)";
				STRING_CATALOG_GENERATE_SYMBOLS = NO;
				SWIFT_APPROACHABLE_CONCURRENCY = YES;
				SWIFT_EMIT_LOC_STRINGS = NO;
				SWIFT_UPCOMING_FEATURE_MEMBER_IMPORT_VISIBILITY = YES;
				SWIFT_VERSION = 6.0;
				TEST_HOST = "$(BUILT_PRODUCTS_DIR)/cutter2.app/$(BUNDLE_EXECUTABLE_FOLDER_PATH)/cutter2";
			};
			name = Release;
		};
		16EE23FB200AF2C800980467 /* Debug configuration for PBXProject "cutter2" */ = {
			isa = XCBuildConfiguration;
			buildSettings = {
				ALWAYS_SEARCH_USER_PATHS = NO;
				ASSETCATALOG_COMPILER_GENERATE_SWIFT_ASSET_SYMBOL_EXTENSIONS = YES;
				CLANG_ANALYZER_LOCALIZABILITY_NONLOCALIZED = YES;
				CLANG_ANALYZER_NONNULL = YES;
				CLANG_ANALYZER_NUMBER_OBJECT_CONVERSION = YES_AGGRESSIVE;
				CLANG_CXX_LANGUAGE_STANDARD = "gnu++14";
				CLANG_CXX_LIBRARY = "libc++";
				CLANG_ENABLE_MODULES = YES;
				CLANG_ENABLE_OBJC_ARC = YES;
				CLANG_WARN_BLOCK_CAPTURE_AUTORELEASING = YES;
				CLANG_WARN_BOOL_CONVERSION = YES;
				CLANG_WARN_COMMA = YES;
				CLANG_WARN_CONSTANT_CONVERSION = YES;
				CLANG_WARN_DEPRECATED_OBJC_IMPLEMENTATIONS = YES;
				CLANG_WARN_DIRECT_OBJC_ISA_USAGE = YES_ERROR;
				CLANG_WARN_DOCUMENTATION_COMMENTS = YES;
				CLANG_WARN_EMPTY_BODY = YES;
				CLANG_WARN_ENUM_CONVERSION = YES;
				CLANG_WARN_INFINITE_RECURSION = YES;
				CLANG_WARN_INT_CONVERSION = YES;
				CLANG_WARN_NON_LITERAL_NULL_CONVERSION = YES;
				CLANG_WARN_OBJC_IMPLICIT_RETAIN_SELF = YES;
				CLANG_WARN_OBJC_LITERAL_CONVERSION = YES;
				CLANG_WARN_OBJC_ROOT_CLASS = YES_ERROR;
				CLANG_WARN_QUOTED_INCLUDE_IN_FRAMEWORK_HEADER = YES;
				CLANG_WARN_RANGE_LOOP_ANALYSIS = YES;
				CLANG_WARN_STRICT_PROTOTYPES = YES;
				CLANG_WARN_SUSPICIOUS_MOVE = YES;
				CLANG_WARN_UNGUARDED_AVAILABILITY = YES_AGGRESSIVE;
				CLANG_WARN_UNREACHABLE_CODE = YES;
				CLANG_WARN__DUPLICATE_METHOD_MATCH = YES;
				CODE_SIGN_IDENTITY = "-";
				COPY_PHASE_STRIP = NO;
				DEAD_CODE_STRIPPING = YES;
				DEBUG_INFORMATION_FORMAT = dwarf;
				DEVELOPMENT_TEAM = BV5C4YNA4Z;
				ENABLE_STRICT_OBJC_MSGSEND = YES;
				ENABLE_TESTABILITY = YES;
				ENABLE_USER_SCRIPT_SANDBOXING = YES;
				GCC_C_LANGUAGE_STANDARD = gnu11;
				GCC_DYNAMIC_NO_PIC = NO;
				GCC_NO_COMMON_BLOCKS = YES;
				GCC_OPTIMIZATION_LEVEL = 0;
				GCC_PREPROCESSOR_DEFINITIONS = (
					"DEBUG=1",
					"$(inherited)",
				);
				GCC_WARN_64_TO_32_BIT_CONVERSION = YES;
				GCC_WARN_ABOUT_RETURN_TYPE = YES_ERROR;
				GCC_WARN_UNDECLARED_SELECTOR = YES;
				GCC_WARN_UNINITIALIZED_AUTOS = YES_AGGRESSIVE;
				GCC_WARN_UNUSED_FUNCTION = YES;
				GCC_WARN_UNUSED_VARIABLE = YES;
				LOCALIZATION_PREFERS_STRING_CATALOGS = YES;
				MACOSX_DEPLOYMENT_TARGET = "$(RECOMMENDED_MACOSX_DEPLOYMENT_TARGET)";
				MTL_ENABLE_DEBUG_INFO = YES;
				ONLY_ACTIVE_ARCH = YES;
				SDKROOT = macosx;
				STRING_CATALOG_GENERATE_SYMBOLS = YES;
				SWIFT_ACTIVE_COMPILATION_CONDITIONS = DEBUG;
				SWIFT_OPTIMIZATION_LEVEL = "-Onone";
			};
			name = Debug;
		};
		16EE23FC200AF2C800980467 /* Release configuration for PBXProject "cutter2" */ = {
			isa = XCBuildConfiguration;
			buildSettings = {
				ALWAYS_SEARCH_USER_PATHS = NO;
				ASSETCATALOG_COMPILER_GENERATE_SWIFT_ASSET_SYMBOL_EXTENSIONS = YES;
				CLANG_ANALYZER_LOCALIZABILITY_NONLOCALIZED = YES;
				CLANG_ANALYZER_NONNULL = YES;
				CLANG_ANALYZER_NUMBER_OBJECT_CONVERSION = YES_AGGRESSIVE;
				CLANG_CXX_LANGUAGE_STANDARD = "gnu++14";
				CLANG_CXX_LIBRARY = "libc++";
				CLANG_ENABLE_MODULES = YES;
				CLANG_ENABLE_OBJC_ARC = YES;
				CLANG_WARN_BLOCK_CAPTURE_AUTORELEASING = YES;
				CLANG_WARN_BOOL_CONVERSION = YES;
				CLANG_WARN_COMMA = YES;
				CLANG_WARN_CONSTANT_CONVERSION = YES;
				CLANG_WARN_DEPRECATED_OBJC_IMPLEMENTATIONS = YES;
				CLANG_WARN_DIRECT_OBJC_ISA_USAGE = YES_ERROR;
				CLANG_WARN_DOCUMENTATION_COMMENTS = YES;
				CLANG_WARN_EMPTY_BODY = YES;
				CLANG_WARN_ENUM_CONVERSION = YES;
				CLANG_WARN_INFINITE_RECURSION = YES;
				CLANG_WARN_INT_CONVERSION = YES;
				CLANG_WARN_NON_LITERAL_NULL_CONVERSION = YES;
				CLANG_WARN_OBJC_IMPLICIT_RETAIN_SELF = YES;
				CLANG_WARN_OBJC_LITERAL_CONVERSION = YES;
				CLANG_WARN_OBJC_ROOT_CLASS = YES_ERROR;
				CLANG_WARN_QUOTED_INCLUDE_IN_FRAMEWORK_HEADER = YES;
				CLANG_WARN_RANGE_LOOP_ANALYSIS = YES;
				CLANG_WARN_STRICT_PROTOTYPES = YES;
				CLANG_WARN_SUSPICIOUS_MOVE = YES;
				CLANG_WARN_UNGUARDED_AVAILABILITY = YES_AGGRESSIVE;
				CLANG_WARN_UNREACHABLE_CODE = YES;
				CLANG_WARN__DUPLICATE_METHOD_MATCH = YES;
				CODE_SIGN_IDENTITY = "-";
				COPY_PHASE_STRIP = NO;
				DEAD_CODE_STRIPPING = YES;
				DEBUG_INFORMATION_FORMAT = "dwarf-with-dsym";
				DEVELOPMENT_TEAM = BV5C4YNA4Z;
				ENABLE_NS_ASSERTIONS = NO;
				ENABLE_STRICT_OBJC_MSGSEND = YES;
				ENABLE_USER_SCRIPT_SANDBOXING = YES;
				GCC_C_LANGUAGE_STANDARD = gnu11;
				GCC_NO_COMMON_BLOCKS = YES;
				GCC_WARN_64_TO_32_BIT_CONVERSION = YES;
				GCC_WARN_ABOUT_RETURN_TYPE = YES_ERROR;
				GCC_WARN_UNDECLARED_SELECTOR = YES;
				GCC_WARN_UNINITIALIZED_AUTOS = YES_AGGRESSIVE;
				GCC_WARN_UNUSED_FUNCTION = YES;
				GCC_WARN_UNUSED_VARIABLE = YES;
				LOCALIZATION_PREFERS_STRING_CATALOGS = YES;
				MACOSX_DEPLOYMENT_TARGET = "$(RECOMMENDED_MACOSX_DEPLOYMENT_TARGET)";
				MTL_ENABLE_DEBUG_INFO = NO;
				SDKROOT = macosx;
				STRING_CATALOG_GENERATE_SYMBOLS = YES;
				SWIFT_COMPILATION_MODE = wholemodule;
				SWIFT_OPTIMIZATION_LEVEL = "-O";
			};
			name = Release;
		};
		16EE23FE200AF2C800980467 /* Debug configuration for PBXNativeTarget "cutter2" */ = {
			isa = XCBuildConfiguration;
			buildSettings = {
				ASSETCATALOG_COMPILER_APPICON_NAME = AppIcon;
				CODE_SIGN_ENTITLEMENTS = cutter2/Resources/cutter2.entitlements;
				CODE_SIGN_IDENTITY = "Apple Development";
				"CODE_SIGN_IDENTITY[sdk=macosx*]" = "Apple Development";
				CODE_SIGN_STYLE = Automatic;
				COMBINE_HIDPI_IMAGES = YES;
				CURRENT_PROJECT_VERSION = 20260704;
				DEAD_CODE_STRIPPING = YES;
				ENABLE_HARDENED_RUNTIME = YES;
				INFOPLIST_FILE = cutter2/Resources/Info.plist;
				INFOPLIST_KEY_LSApplicationCategoryType = "public.app-category.video";
				LD_RUNPATH_SEARCH_PATHS = (
					"$(inherited)",
					"@executable_path/../Frameworks",
				);
				MACOSX_DEPLOYMENT_TARGET = 14.0;
				MARKETING_VERSION = 0.8.17a1;
				PRODUCT_BUNDLE_IDENTIFIER = com.mycometg3.cutter2;
				PRODUCT_NAME = "$(TARGET_NAME)";
				PROVISIONING_PROFILE_SPECIFIER = "";
				SWIFT_APPROACHABLE_CONCURRENCY = YES;
				SWIFT_UPCOMING_FEATURE_NONISOLATED_NONSENDING_BY_DEFAULT = YES;
				SWIFT_VERSION = 6.0;
			};
			name = Debug;
		};
		16EE23FF200AF2C800980467 /* Release configuration for PBXNativeTarget "cutter2" */ = {
			isa = XCBuildConfiguration;
			buildSettings = {
				ASSETCATALOG_COMPILER_APPICON_NAME = AppIcon;
				CODE_SIGN_ENTITLEMENTS = cutter2/Resources/cutter2.entitlements;
				CODE_SIGN_IDENTITY = "Apple Development";
				"CODE_SIGN_IDENTITY[sdk=macosx*]" = "Apple Development";
				CODE_SIGN_STYLE = Automatic;
				COMBINE_HIDPI_IMAGES = YES;
				CURRENT_PROJECT_VERSION = 20260704;
				DEAD_CODE_STRIPPING = YES;
				ENABLE_HARDENED_RUNTIME = YES;
				INFOPLIST_FILE = cutter2/Resources/Info.plist;
				INFOPLIST_KEY_LSApplicationCategoryType = "public.app-category.video";
				LD_RUNPATH_SEARCH_PATHS = (
					"$(inherited)",
					"@executable_path/../Frameworks",
				);
				MACOSX_DEPLOYMENT_TARGET = 14.0;
				MARKETING_VERSION = 0.8.17a1;
				PRODUCT_BUNDLE_IDENTIFIER = com.mycometg3.cutter2;
				PRODUCT_NAME = "$(TARGET_NAME)";
				PROVISIONING_PROFILE_SPECIFIER = "";
				SWIFT_APPROACHABLE_CONCURRENCY = YES;
				SWIFT_UPCOMING_FEATURE_NONISOLATED_NONSENDING_BY_DEFAULT = YES;
				SWIFT_VERSION = 6.0;
			};
			name = Release;
		};
/* End XCBuildConfiguration section */

/* Begin XCConfigurationList section */
		16674FAA2E9CF64900453BBE /* Build configuration list for PBXNativeTarget "cutter2Tests" */ = {
			isa = XCConfigurationList;
			buildConfigurations = (
				16674FA82E9CF64900453BBE /* Debug configuration for PBXNativeTarget "cutter2Tests" */,
				16674FA92E9CF64900453BBE /* Release configuration for PBXNativeTarget "cutter2Tests" */,
			);
			defaultConfigurationName = Release;
		};
		16EE23E6200AF2C800980467 /* Build configuration list for PBXProject "cutter2" */ = {
			isa = XCConfigurationList;
			buildConfigurations = (
				16EE23FB200AF2C800980467 /* Debug configuration for PBXProject "cutter2" */,
				16EE23FC200AF2C800980467 /* Release configuration for PBXProject "cutter2" */,
			);
			defaultConfigurationName = Release;
		};
		16EE23FD200AF2C800980467 /* Build configuration list for PBXNativeTarget "cutter2" */ = {
			isa = XCConfigurationList;
			buildConfigurations = (
				16EE23FE200AF2C800980467 /* Debug configuration for PBXNativeTarget "cutter2" */,
				16EE23FF200AF2C800980467 /* Release configuration for PBXNativeTarget "cutter2" */,
			);
			defaultConfigurationName = Release;
		};
/* End XCConfigurationList section */
	};
	rootObject = 16EE23E3200AF2C800980467 /* Project object */;
}
